
Microsoft Visual Studio Solution File, Format Version 12.00
# Visual Studio Version 16
VisualStudioVersion = 16.0.31321.278
MinimumVisualStudioVersion = 10.0.40219.1
Project("{FAE04EC0-301F-11D3-BF4B-00C04F79EFBC}") = "GenericExample", "GenericExample\GenericExample.csproj", "{0059DA30-4631-4759-B8E7-D0992EE3FE9A}"
EndProject
Global
	GlobalSection(SolutionConfigurationPlatforms) = preSolution
		Debug|Any CPU = Debug|Any CPU
		Release|Any CPU = Release|Any CPU
	EndGlobalSection
	GlobalSection(ProjectConfigurationPlatforms) = postSolution
		{0059DA30-4631-4759-B8E7-D0992EE3FE9A}.Debug|Any CPU.ActiveCfg = Debug|Any CPU
		{0059DA30-4631-4759-B8E7-D0992EE3FE9A}.Debug|Any CPU.Build.0 = Debug|Any CPU
		{0059DA30-4631-4759-B8E7-D0992EE3FE9A}.Release|Any CPU.ActiveCfg = Release|Any CPU
		{0059DA30-4631-4759-B8E7-D0992EE3FE9A}.Release|Any CPU.Build.0 = Release|Any CPU
	EndGlobalSection
	GlobalSection(SolutionProperties) = preSolution
		HideSolutionNode = FALSE
	EndGlobalSection
	GlobalSection(ExtensibilityGlobals) = postSolution
		SolutionGuid = {5E87A1D4-4877-433D-B4DE-04D98373CE68}
	EndGlobalSection
EndGlobal
